PODS:
  - Alamofire (4.9.0)
  - Toast-Swift (5.0.1)

DEPENDENCIES:
  - Alamofire
  - Toast-Swift (~> 5.0.1)

SPEC REPOS:
  https://github.com/CocoaPods/Specs.git:
    - Alamofire
  trunk:
    - Toast-Swift

SPEC CHECKSUMS:
  Alamofire: afc3e7c6db61476cb45cdd23fed06bad03bbc321
  Toast-Swift: 9b6a70f28b3bf0b96c40d46c0c4b9d6639846711

PODFILE CHECKSUM: ab99cbc332fd3972ce3d11e2d148dde338b71408

COCOAPODS: 1.10.1
